
Microsoft Visual Studio Solution File, Format Version 12.00
# Visual Studio Version 17
VisualStudioVersion = 17.14.36915.13 d17.14
MinimumVisualStudioVersion = 10.0.40219.1
Project("{FAE04EC0-301F-11D3-BF4B-00C04F79EFBC}") = "C_Sharp_Basic", "C_Sharp_Basic\C_Sharp_Basic.csproj", "{11899DCD-9903-4DBD-9EDE-BE1C2A1C6480}"
EndProject
Global
	GlobalSection(SolutionConfigurationPlatforms) = preSolution
		Debug|Any CPU = Debug|Any CPU
		Release|Any CPU = Release|Any CPU
	EndGlobalSection
	GlobalSection(ProjectConfigurationPlatforms) = postSolution
		{11899DCD-9903-4DBD-9EDE-BE1C2A1C6480}.Debug|Any CPU.ActiveCfg = Debug|Any CPU
		{11899DCD-9903-4DBD-9EDE-BE1C2A1C6480}.Debug|Any CPU.Build.0 = Debug|Any CPU
		{11899DCD-9903-4DBD-9EDE-BE1C2A1C6480}.Release|Any CPU.ActiveCfg = Release|Any CPU
		{11899DCD-9903-4DBD-9EDE-BE1C2A1C6480}.Release|Any CPU.Build.0 = Release|Any CPU
	EndGlobalSection
	GlobalSection(SolutionProperties) = preSolution
		HideSolutionNode = FALSE
	EndGlobalSection
	GlobalSection(ExtensibilityGlobals) = postSolution
		SolutionGuid = {BB490FB6-D3DC-4266-BCA8-DF8B30BE5ECA}
	EndGlobalSection
EndGlobal
